
Microsoft Visual Studio Solution File, Format Version 12.00
# Visual Studio Version 17
VisualStudioVersion = 17.14.36127.28
MinimumVisualStudioVersion = 10.0.40219.1
Project("{FAE04EC0-301F-11D3-BF4B-00C04F79EFBC}") = "AppNumeroDaSorte", "AppNumeroDaSorte\AppNumeroDaSorte.csproj", "{D66F615A-67D3-45AE-A957-810AEFCE57DD}"
EndProject
Project("{FAE04EC0-301F-11D3-BF4B-00C04F79EFBC}") = "AppContentPage", "AppContentPage\AppContentPage.csproj", "{D71901FF-8640-4359-B89A-15EA54370320}"
EndProject
Project("{FAE04EC0-301F-11D3-BF4B-00C04F79EFBC}") = "AppNavigationPage", "AppNavigationPage\AppNavigationPage.csproj", "{F544BD37-C3D2-41F1-89A5-337EE8AE83CF}"
EndProject
Project("{2150E333-8FDC-42A3-9474-1A3956D46DE8}") = "Aplicativos", "Aplicativos", "{02EA681E-C7D8-13C7-8484-4AC65E1B71E8}"
EndProject
Project("{2150E333-8FDC-42A3-9474-1A3956D46DE8}") = "Tipos de Paginas", "Tipos de Paginas", "{1AF6D51A-D31D-490B-9FD5-78E2D599CDE7}"
EndProject
Project("{FAE04EC0-301F-11D3-BF4B-00C04F79EFBC}") = "AppFlyOutPage", "AppFlyOutPage\AppFlyOutPage.csproj", "{E1C6D7B8-597B-4326-9D97-7EF67E170BA0}"
EndProject
Project("{FAE04EC0-301F-11D3-BF4B-00C04F79EFBC}") = "AppTabbedPage", "AppTabbedPage\AppTabbedPage.csproj", "{128E73D6-D530-445F-B602-DA595D448E6C}"
EndProject
Project("{FAE04EC0-301F-11D3-BF4B-00C04F79EFBC}") = "AppMAUIGallery", "AppMAUIGallery\AppMAUIGallery.csproj", "{E24F1570-E489-40A3-862C-38CC8DE00371}"
EndProject
Project("{FAE04EC0-301F-11D3-BF4B-00C04F79EFBC}") = "AppJogoDaForca", "AppJogoDaForca\AppJogoDaForca.csproj", "{8E23571D-1BDF-4261-97F0-1FCDD193AD55}"
EndProject
Global
	GlobalSection(SolutionConfigurationPlatforms) = preSolution
		Debug|Any CPU = Debug|Any CPU
		Release|Any CPU = Release|Any CPU
	EndGlobalSection
	GlobalSection(ProjectConfigurationPlatforms) = postSolution
		{D66F615A-67D3-45AE-A957-810AEFCE57DD}.Debug|Any CPU.ActiveCfg = Debug|Any CPU
		{D66F615A-67D3-45AE-A957-810AEFCE57DD}.Debug|Any CPU.Build.0 = Debug|Any CPU
		{D66F615A-67D3-45AE-A957-810AEFCE57DD}.Debug|Any CPU.Deploy.0 = Debug|Any CPU
		{D66F615A-67D3-45AE-A957-810AEFCE57DD}.Release|Any CPU.ActiveCfg = Release|Any CPU
		{D66F615A-67D3-45AE-A957-810AEFCE57DD}.Release|Any CPU.Build.0 = Release|Any CPU
		{D71901FF-8640-4359-B89A-15EA54370320}.Debug|Any CPU.ActiveCfg = Debug|Any CPU
		{D71901FF-8640-4359-B89A-15EA54370320}.Debug|Any CPU.Build.0 = Debug|Any CPU
		{D71901FF-8640-4359-B89A-15EA54370320}.Debug|Any CPU.Deploy.0 = Debug|Any CPU
		{D71901FF-8640-4359-B89A-15EA54370320}.Release|Any CPU.ActiveCfg = Release|Any CPU
		{D71901FF-8640-4359-B89A-15EA54370320}.Release|Any CPU.Build.0 = Release|Any CPU
		{F544BD37-C3D2-41F1-89A5-337EE8AE83CF}.Debug|Any CPU.ActiveCfg = Debug|Any CPU
		{F544BD37-C3D2-41F1-89A5-337EE8AE83CF}.Debug|Any CPU.Build.0 = Debug|Any CPU
		{F544BD37-C3D2-41F1-89A5-337EE8AE83CF}.Debug|Any CPU.Deploy.0 = Debug|Any CPU
		{F544BD37-C3D2-41F1-89A5-337EE8AE83CF}.Release|Any CPU.ActiveCfg = Release|Any CPU
		{F544BD37-C3D2-41F1-89A5-337EE8AE83CF}.Release|Any CPU.Build.0 = Release|Any CPU
		{E1C6D7B8-597B-4326-9D97-7EF67E170BA0}.Debug|Any CPU.ActiveCfg = Debug|Any CPU
		{E1C6D7B8-597B-4326-9D97-7EF67E170BA0}.Debug|Any CPU.Build.0 = Debug|Any CPU
		{E1C6D7B8-597B-4326-9D97-7EF67E170BA0}.Debug|Any CPU.Deploy.0 = Debug|Any CPU
		{E1C6D7B8-597B-4326-9D97-7EF67E170BA0}.Release|Any CPU.ActiveCfg = Release|Any CPU
		{E1C6D7B8-597B-4326-9D97-7EF67E170BA0}.Release|Any CPU.Build.0 = Release|Any CPU
		{128E73D6-D530-445F-B602-DA595D448E6C}.Debug|Any CPU.ActiveCfg = Debug|Any CPU
		{128E73D6-D530-445F-B602-DA595D448E6C}.Debug|Any CPU.Build.0 = Debug|Any CPU
		{128E73D6-D530-445F-B602-DA595D448E6C}.Debug|Any CPU.Deploy.0 = Debug|Any CPU
		{128E73D6-D530-445F-B602-DA595D448E6C}.Release|Any CPU.ActiveCfg = Release|Any CPU
		{128E73D6-D530-445F-B602-DA595D448E6C}.Release|Any CPU.Build.0 = Release|Any CPU
		{E24F1570-E489-40A3-862C-38CC8DE00371}.Debug|Any CPU.ActiveCfg = Debug|Any CPU
		{E24F1570-E489-40A3-862C-38CC8DE00371}.Debug|Any CPU.Build.0 = Debug|Any CPU
		{E24F1570-E489-40A3-862C-38CC8DE00371}.Debug|Any CPU.Deploy.0 = Debug|Any CPU
		{E24F1570-E489-40A3-862C-38CC8DE00371}.Release|Any CPU.ActiveCfg = Release|Any CPU
		{E24F1570-E489-40A3-862C-38CC8DE00371}.Release|Any CPU.Build.0 = Release|Any CPU
		{8E23571D-1BDF-4261-97F0-1FCDD193AD55}.Debug|Any CPU.ActiveCfg = Debug|Any CPU
		{8E23571D-1BDF-4261-97F0-1FCDD193AD55}.Debug|Any CPU.Build.0 = Debug|Any CPU
		{8E23571D-1BDF-4261-97F0-1FCDD193AD55}.Debug|Any CPU.Deploy.0 = Debug|Any CPU
		{8E23571D-1BDF-4261-97F0-1FCDD193AD55}.Release|Any CPU.ActiveCfg = Release|Any CPU
		{8E23571D-1BDF-4261-97F0-1FCDD193AD55}.Release|Any CPU.Build.0 = Release|Any CPU
	EndGlobalSection
	GlobalSection(SolutionProperties) = preSolution
		HideSolutionNode = FALSE
	EndGlobalSection
	GlobalSection(NestedProjects) = preSolution
		{D66F615A-67D3-45AE-A957-810AEFCE57DD} = {02EA681E-C7D8-13C7-8484-4AC65E1B71E8}
		{D71901FF-8640-4359-B89A-15EA54370320} = {1AF6D51A-D31D-490B-9FD5-78E2D599CDE7}
		{F544BD37-C3D2-41F1-89A5-337EE8AE83CF} = {1AF6D51A-D31D-490B-9FD5-78E2D599CDE7}
		{E1C6D7B8-597B-4326-9D97-7EF67E170BA0} = {1AF6D51A-D31D-490B-9FD5-78E2D599CDE7}
		{128E73D6-D530-445F-B602-DA595D448E6C} = {1AF6D51A-D31D-490B-9FD5-78E2D599CDE7}
		{E24F1570-E489-40A3-862C-38CC8DE00371} = {02EA681E-C7D8-13C7-8484-4AC65E1B71E8}
		{8E23571D-1BDF-4261-97F0-1FCDD193AD55} = {02EA681E-C7D8-13C7-8484-4AC65E1B71E8}
	EndGlobalSection
	GlobalSection(ExtensibilityGlobals) = postSolution
		SolutionGuid = {73E0B0C4-C2A3-4993-B100-51E408160F4F}
	EndGlobalSection
EndGlobal
