
Microsoft Visual Studio Solution File, Format Version 12.00
# Visual Studio Version 17
VisualStudioVersion = 17.14.36127.28
MinimumVisualStudioVersion = 10.0.40219.1
Project("{FAE04EC0-301F-11D3-BF4B-00C04F79EFBC}") = "AppNumeroDaSorte", "AppNumeroDaSorte\AppNumeroDaSorte.csproj", "{D66F615A-67D3-45AE-A957-810AEFCE57DD}"
EndProject
Project("{FAE04EC0-301F-11D3-BF4B-00C04F79EFBC}") = "AppContentPage", "AppContentPage\AppContentPage.csproj", "{D71901FF-8640-4359-B89A-15EA54370320}"
EndProject
Project("{FAE04EC0-301F-11D3-BF4B-00C04F79EFBC}") = "AppNavigationPage", "AppNavigationPage\AppNavigationPage.csproj", "{F544BD37-C3D2-41F1-89A5-337EE8AE83CF}"
EndProject
Project("{2150E333-8FDC-42A3-9474-1A3956D46DE8}") = "Aplicativos", "Aplicativos", "{02EA681E-C7D8-13C7-8484-4AC65E1B71E8}"
EndProject
Project("{FAE04EC0-301F-11D3-BF4B-00C04F79EFBC}") = "AppFlyOutPage", "AppFlyOutPage\AppFlyOutPage.csproj", "{E1C6D7B8-597B-4326-9D97-7EF67E170BA0}"
EndProject
Project("{FAE04EC0-301F-11D3-BF4B-00C04F79EFBC}") = "AppTabbedPage", "AppTabbedPage\AppTabbedPage.csproj", "{128E73D6-D530-445F-B602-DA595D448E6C}"
EndProject
Project("{FAE04EC0-301F-11D3-BF4B-00C04F79EFBC}") = "AppMAUIGallery", "AppMAUIGallery\AppMAUIGallery.csproj", "{E24F1570-E489-40A3-862C-38CC8DE00371}"
EndProject
Project("{FAE04EC0-301F-11D3-BF4B-00C04F79EFBC}") = "AppJogoDaForca", "AppJogoDaForca\AppJogoDaForca.csproj", "{8E23571D-1BDF-4261-97F0-1FCDD193AD55}"
EndProject
Project("{FAE04EC0-301F-11D3-BF4B-00C04F79EFBC}") = "AppTask", "AppTask\AppTask.csproj", "{7C316D27-3635-48EB-99B3-CE8552579D61}"
EndProject
Project("{2150E333-8FDC-42A3-9474-1A3956D46DE8}") = "App 01", "App 01", "{986F8404-B479-43A0-9B21-D198DDC8378F}"
EndProject
Project("{2150E333-8FDC-42A3-9474-1A3956D46DE8}") = "App 02", "App 02", "{9F32AB9F-5BFF-4F89-9F74-BE6B2C634719}"
EndProject
Project("{2150E333-8FDC-42A3-9474-1A3956D46DE8}") = "App 03", "App 03", "{A6163729-BAAC-459C-A142-435AC4672E5F}"
EndProject
Project("{2150E333-8FDC-42A3-9474-1A3956D46DE8}") = "App 04", "App 04", "{78F3E1D3-6FC8-4E67-A9AF-6F4305B862BE}"
EndProject
Project("{2150E333-8FDC-42A3-9474-1A3956D46DE8}") = "App 05", "App 05", "{FB9A59D0-536A-4979-8699-EAB750AEF2C6}"
EndProject
Project("{FAE04EC0-301F-11D3-BF4B-00C04F79EFBC}") = "AppTask.Models", "AppTask.Models\AppTask.Models.csproj", "{95D24347-40D7-42DA-B1A3-81F0A1D457E2}"
EndProject
Project("{FAE04EC0-301F-11D3-BF4B-00C04F79EFBC}") = "AppTask.Database", "AppTask.Database\AppTask.Database.csproj", "{FEF0DF89-A334-4EEF-BF65-4E36ED61DAB0}"
EndProject
Project("{FAE04EC0-301F-11D3-BF4B-00C04F79EFBC}") = "AppTask.Database.Migration.Runtime", "AppTask.Database.Migration.Runtime\AppTask.Database.Migration.Runtime.csproj", "{AD459D2E-E9A1-4CE8-986F-6B14ACE3F0DD}"
EndProject
Project("{2150E333-8FDC-42A3-9474-1A3956D46DE8}") = "Util", "Util", "{84E4E2EE-5A71-408F-9974-FCD85FC314C5}"
EndProject
Project("{2150E333-8FDC-42A3-9474-1A3956D46DE8}") = "App 06", "App 06", "{44A08D71-BDD7-47D9-873D-E5047C6D5D84}"
EndProject
Project("{FAE04EC0-301F-11D3-BF4B-00C04F79EFBC}") = "AppMVVM", "AppMVVM\AppMVVM.csproj", "{472C3BD1-7B6C-47FB-B6FC-DFA1BCA4EB7B}"
EndProject
Project("{FAE04EC0-301F-11D3-BF4B-00C04F79EFBC}") = "AppMVVMCommunityToolkit", "AppMVVMCommunityToolkit\AppMVVMCommunityToolkit.csproj", "{B1C008C2-A654-4EDE-9A6A-94FF57DD6362}"
EndProject
Project("{2150E333-8FDC-42A3-9474-1A3956D46DE8}") = "App 07", "App 07", "{545FACD2-0594-45ED-9B72-8CDCE7DEAB8E}"
EndProject
Project("{FAE04EC0-301F-11D3-BF4B-00C04F79EFBC}") = "AppShoppingCenter", "AppShoppingCenter\AppShoppingCenter.csproj", "{FE4FCAB8-A3B1-4E5C-9E07-3E1C6EE0F85B}"
EndProject
Project("{FAE04EC0-301F-11D3-BF4B-00C04F79EFBC}") = "AppShoppingCenter.Models", "AppShoppingCenter.Models\AppShoppingCenter.Models.csproj", "{5D8AA632-4424-4338-B03C-974A70F40DFA}"
EndProject
Project("{FAE04EC0-301F-11D3-BF4B-00C04F79EFBC}") = "AppTask.Api", "AppTask.Api\AppTask.Api.csproj", "{CA1F13BC-00BD-45A3-94B6-54D8F9D6F8D0}"
EndProject
Global
	GlobalSection(SolutionConfigurationPlatforms) = preSolution
		Debug|Any CPU = Debug|Any CPU
		Release|Any CPU = Release|Any CPU
	EndGlobalSection
	GlobalSection(ProjectConfigurationPlatforms) = postSolution
		{D66F615A-67D3-45AE-A957-810AEFCE57DD}.Debug|Any CPU.ActiveCfg = Debug|Any CPU
		{D66F615A-67D3-45AE-A957-810AEFCE57DD}.Debug|Any CPU.Build.0 = Debug|Any CPU
		{D66F615A-67D3-45AE-A957-810AEFCE57DD}.Debug|Any CPU.Deploy.0 = Debug|Any CPU
		{D66F615A-67D3-45AE-A957-810AEFCE57DD}.Release|Any CPU.ActiveCfg = Release|Any CPU
		{D66F615A-67D3-45AE-A957-810AEFCE57DD}.Release|Any CPU.Build.0 = Release|Any CPU
		{D71901FF-8640-4359-B89A-15EA54370320}.Debug|Any CPU.ActiveCfg = Debug|Any CPU
		{D71901FF-8640-4359-B89A-15EA54370320}.Debug|Any CPU.Build.0 = Debug|Any CPU
		{D71901FF-8640-4359-B89A-15EA54370320}.Debug|Any CPU.Deploy.0 = Debug|Any CPU
		{D71901FF-8640-4359-B89A-15EA54370320}.Release|Any CPU.ActiveCfg = Release|Any CPU
		{D71901FF-8640-4359-B89A-15EA54370320}.Release|Any CPU.Build.0 = Release|Any CPU
		{F544BD37-C3D2-41F1-89A5-337EE8AE83CF}.Debug|Any CPU.ActiveCfg = Debug|Any CPU
		{F544BD37-C3D2-41F1-89A5-337EE8AE83CF}.Debug|Any CPU.Build.0 = Debug|Any CPU
		{F544BD37-C3D2-41F1-89A5-337EE8AE83CF}.Debug|Any CPU.Deploy.0 = Debug|Any CPU
		{F544BD37-C3D2-41F1-89A5-337EE8AE83CF}.Release|Any CPU.ActiveCfg = Release|Any CPU
		{F544BD37-C3D2-41F1-89A5-337EE8AE83CF}.Release|Any CPU.Build.0 = Release|Any CPU
		{E1C6D7B8-597B-4326-9D97-7EF67E170BA0}.Debug|Any CPU.ActiveCfg = Debug|Any CPU
		{E1C6D7B8-597B-4326-9D97-7EF67E170BA0}.Debug|Any CPU.Build.0 = Debug|Any CPU
		{E1C6D7B8-597B-4326-9D97-7EF67E170BA0}.Debug|Any CPU.Deploy.0 = Debug|Any CPU
		{E1C6D7B8-597B-4326-9D97-7EF67E170BA0}.Release|Any CPU.ActiveCfg = Release|Any CPU
		{E1C6D7B8-597B-4326-9D97-7EF67E170BA0}.Release|Any CPU.Build.0 = Release|Any CPU
		{128E73D6-D530-445F-B602-DA595D448E6C}.Debug|Any CPU.ActiveCfg = Debug|Any CPU
		{128E73D6-D530-445F-B602-DA595D448E6C}.Debug|Any CPU.Build.0 = Debug|Any CPU
		{128E73D6-D530-445F-B602-DA595D448E6C}.Debug|Any CPU.Deploy.0 = Debug|Any CPU
		{128E73D6-D530-445F-B602-DA595D448E6C}.Release|Any CPU.ActiveCfg = Release|Any CPU
		{128E73D6-D530-445F-B602-DA595D448E6C}.Release|Any CPU.Build.0 = Release|Any CPU
		{E24F1570-E489-40A3-862C-38CC8DE00371}.Debug|Any CPU.ActiveCfg = Debug|Any CPU
		{E24F1570-E489-40A3-862C-38CC8DE00371}.Debug|Any CPU.Build.0 = Debug|Any CPU
		{E24F1570-E489-40A3-862C-38CC8DE00371}.Debug|Any CPU.Deploy.0 = Debug|Any CPU
		{E24F1570-E489-40A3-862C-38CC8DE00371}.Release|Any CPU.ActiveCfg = Release|Any CPU
		{E24F1570-E489-40A3-862C-38CC8DE00371}.Release|Any CPU.Build.0 = Release|Any CPU
		{8E23571D-1BDF-4261-97F0-1FCDD193AD55}.Debug|Any CPU.ActiveCfg = Debug|Any CPU
		{8E23571D-1BDF-4261-97F0-1FCDD193AD55}.Debug|Any CPU.Build.0 = Debug|Any CPU
		{8E23571D-1BDF-4261-97F0-1FCDD193AD55}.Debug|Any CPU.Deploy.0 = Debug|Any CPU
		{8E23571D-1BDF-4261-97F0-1FCDD193AD55}.Release|Any CPU.ActiveCfg = Release|Any CPU
		{8E23571D-1BDF-4261-97F0-1FCDD193AD55}.Release|Any CPU.Build.0 = Release|Any CPU
		{7C316D27-3635-48EB-99B3-CE8552579D61}.Debug|Any CPU.ActiveCfg = Debug|Any CPU
		{7C316D27-3635-48EB-99B3-CE8552579D61}.Debug|Any CPU.Build.0 = Debug|Any CPU
		{7C316D27-3635-48EB-99B3-CE8552579D61}.Debug|Any CPU.Deploy.0 = Debug|Any CPU
		{7C316D27-3635-48EB-99B3-CE8552579D61}.Release|Any CPU.ActiveCfg = Release|Any CPU
		{7C316D27-3635-48EB-99B3-CE8552579D61}.Release|Any CPU.Build.0 = Release|Any CPU
		{95D24347-40D7-42DA-B1A3-81F0A1D457E2}.Debug|Any CPU.ActiveCfg = Debug|Any CPU
		{95D24347-40D7-42DA-B1A3-81F0A1D457E2}.Debug|Any CPU.Build.0 = Debug|Any CPU
		{95D24347-40D7-42DA-B1A3-81F0A1D457E2}.Release|Any CPU.ActiveCfg = Release|Any CPU
		{95D24347-40D7-42DA-B1A3-81F0A1D457E2}.Release|Any CPU.Build.0 = Release|Any CPU
		{FEF0DF89-A334-4EEF-BF65-4E36ED61DAB0}.Debug|Any CPU.ActiveCfg = Debug|Any CPU
		{FEF0DF89-A334-4EEF-BF65-4E36ED61DAB0}.Debug|Any CPU.Build.0 = Debug|Any CPU
		{FEF0DF89-A334-4EEF-BF65-4E36ED61DAB0}.Release|Any CPU.ActiveCfg = Release|Any CPU
		{FEF0DF89-A334-4EEF-BF65-4E36ED61DAB0}.Release|Any CPU.Build.0 = Release|Any CPU
		{AD459D2E-E9A1-4CE8-986F-6B14ACE3F0DD}.Debug|Any CPU.ActiveCfg = Debug|Any CPU
		{AD459D2E-E9A1-4CE8-986F-6B14ACE3F0DD}.Debug|Any CPU.Build.0 = Debug|Any CPU
		{AD459D2E-E9A1-4CE8-986F-6B14ACE3F0DD}.Release|Any CPU.ActiveCfg = Release|Any CPU
		{AD459D2E-E9A1-4CE8-986F-6B14ACE3F0DD}.Release|Any CPU.Build.0 = Release|Any CPU
		{472C3BD1-7B6C-47FB-B6FC-DFA1BCA4EB7B}.Debug|Any CPU.ActiveCfg = Debug|Any CPU
		{472C3BD1-7B6C-47FB-B6FC-DFA1BCA4EB7B}.Debug|Any CPU.Build.0 = Debug|Any CPU
		{472C3BD1-7B6C-47FB-B6FC-DFA1BCA4EB7B}.Debug|Any CPU.Deploy.0 = Debug|Any CPU
		{472C3BD1-7B6C-47FB-B6FC-DFA1BCA4EB7B}.Release|Any CPU.ActiveCfg = Release|Any CPU
		{472C3BD1-7B6C-47FB-B6FC-DFA1BCA4EB7B}.Release|Any CPU.Build.0 = Release|Any CPU
		{B1C008C2-A654-4EDE-9A6A-94FF57DD6362}.Debug|Any CPU.ActiveCfg = Debug|Any CPU
		{B1C008C2-A654-4EDE-9A6A-94FF57DD6362}.Debug|Any CPU.Build.0 = Debug|Any CPU
		{B1C008C2-A654-4EDE-9A6A-94FF57DD6362}.Release|Any CPU.ActiveCfg = Release|Any CPU
		{B1C008C2-A654-4EDE-9A6A-94FF57DD6362}.Release|Any CPU.Build.0 = Release|Any CPU
		{FE4FCAB8-A3B1-4E5C-9E07-3E1C6EE0F85B}.Debug|Any CPU.ActiveCfg = Debug|Any CPU
		{FE4FCAB8-A3B1-4E5C-9E07-3E1C6EE0F85B}.Debug|Any CPU.Build.0 = Debug|Any CPU
		{FE4FCAB8-A3B1-4E5C-9E07-3E1C6EE0F85B}.Debug|Any CPU.Deploy.0 = Debug|Any CPU
		{FE4FCAB8-A3B1-4E5C-9E07-3E1C6EE0F85B}.Release|Any CPU.ActiveCfg = Release|Any CPU
		{FE4FCAB8-A3B1-4E5C-9E07-3E1C6EE0F85B}.Release|Any CPU.Build.0 = Release|Any CPU
		{5D8AA632-4424-4338-B03C-974A70F40DFA}.Debug|Any CPU.ActiveCfg = Debug|Any CPU
		{5D8AA632-4424-4338-B03C-974A70F40DFA}.Debug|Any CPU.Build.0 = Debug|Any CPU
		{5D8AA632-4424-4338-B03C-974A70F40DFA}.Release|Any CPU.ActiveCfg = Release|Any CPU
		{5D8AA632-4424-4338-B03C-974A70F40DFA}.Release|Any CPU.Build.0 = Release|Any CPU
		{CA1F13BC-00BD-45A3-94B6-54D8F9D6F8D0}.Debug|Any CPU.ActiveCfg = Debug|Any CPU
		{CA1F13BC-00BD-45A3-94B6-54D8F9D6F8D0}.Debug|Any CPU.Build.0 = Debug|Any CPU
		{CA1F13BC-00BD-45A3-94B6-54D8F9D6F8D0}.Release|Any CPU.ActiveCfg = Release|Any CPU
		{CA1F13BC-00BD-45A3-94B6-54D8F9D6F8D0}.Release|Any CPU.Build.0 = Release|Any CPU
	EndGlobalSection
	GlobalSection(SolutionProperties) = preSolution
		HideSolutionNode = FALSE
	EndGlobalSection
	GlobalSection(NestedProjects) = preSolution
		{D66F615A-67D3-45AE-A957-810AEFCE57DD} = {986F8404-B479-43A0-9B21-D198DDC8378F}
		{D71901FF-8640-4359-B89A-15EA54370320} = {9F32AB9F-5BFF-4F89-9F74-BE6B2C634719}
		{F544BD37-C3D2-41F1-89A5-337EE8AE83CF} = {9F32AB9F-5BFF-4F89-9F74-BE6B2C634719}
		{E1C6D7B8-597B-4326-9D97-7EF67E170BA0} = {9F32AB9F-5BFF-4F89-9F74-BE6B2C634719}
		{128E73D6-D530-445F-B602-DA595D448E6C} = {9F32AB9F-5BFF-4F89-9F74-BE6B2C634719}
		{E24F1570-E489-40A3-862C-38CC8DE00371} = {A6163729-BAAC-459C-A142-435AC4672E5F}
		{8E23571D-1BDF-4261-97F0-1FCDD193AD55} = {78F3E1D3-6FC8-4E67-A9AF-6F4305B862BE}
		{7C316D27-3635-48EB-99B3-CE8552579D61} = {FB9A59D0-536A-4979-8699-EAB750AEF2C6}
		{986F8404-B479-43A0-9B21-D198DDC8378F} = {02EA681E-C7D8-13C7-8484-4AC65E1B71E8}
		{9F32AB9F-5BFF-4F89-9F74-BE6B2C634719} = {02EA681E-C7D8-13C7-8484-4AC65E1B71E8}
		{A6163729-BAAC-459C-A142-435AC4672E5F} = {02EA681E-C7D8-13C7-8484-4AC65E1B71E8}
		{78F3E1D3-6FC8-4E67-A9AF-6F4305B862BE} = {02EA681E-C7D8-13C7-8484-4AC65E1B71E8}
		{FB9A59D0-536A-4979-8699-EAB750AEF2C6} = {02EA681E-C7D8-13C7-8484-4AC65E1B71E8}
		{95D24347-40D7-42DA-B1A3-81F0A1D457E2} = {FB9A59D0-536A-4979-8699-EAB750AEF2C6}
		{FEF0DF89-A334-4EEF-BF65-4E36ED61DAB0} = {FB9A59D0-536A-4979-8699-EAB750AEF2C6}
		{AD459D2E-E9A1-4CE8-986F-6B14ACE3F0DD} = {84E4E2EE-5A71-408F-9974-FCD85FC314C5}
		{84E4E2EE-5A71-408F-9974-FCD85FC314C5} = {FB9A59D0-536A-4979-8699-EAB750AEF2C6}
		{44A08D71-BDD7-47D9-873D-E5047C6D5D84} = {02EA681E-C7D8-13C7-8484-4AC65E1B71E8}
		{472C3BD1-7B6C-47FB-B6FC-DFA1BCA4EB7B} = {44A08D71-BDD7-47D9-873D-E5047C6D5D84}
		{B1C008C2-A654-4EDE-9A6A-94FF57DD6362} = {44A08D71-BDD7-47D9-873D-E5047C6D5D84}
		{545FACD2-0594-45ED-9B72-8CDCE7DEAB8E} = {02EA681E-C7D8-13C7-8484-4AC65E1B71E8}
		{FE4FCAB8-A3B1-4E5C-9E07-3E1C6EE0F85B} = {545FACD2-0594-45ED-9B72-8CDCE7DEAB8E}
		{5D8AA632-4424-4338-B03C-974A70F40DFA} = {545FACD2-0594-45ED-9B72-8CDCE7DEAB8E}
		{CA1F13BC-00BD-45A3-94B6-54D8F9D6F8D0} = {FB9A59D0-536A-4979-8699-EAB750AEF2C6}
	EndGlobalSection
	GlobalSection(ExtensibilityGlobals) = postSolution
		SolutionGuid = {73E0B0C4-C2A3-4993-B100-51E408160F4F}
	EndGlobalSection
EndGlobal
